// !$*UTF8*$!
{
	archiveVersion = 1;
	classes = {
	};
	objectVersion = 50;
	objects = {

/* Begin PBXBuildFile section */
		F3AD6E4621AA0DDC003B3288 /* AppDelegate.swift in Sources */ = {isa = PBXBuildFile; fileRef = F3AD6E4521AA0DDC003B3288 /* AppDelegate.swift */; };
		F3AD6E4821AA0DDC003B3288 /* ViewController.swift in Sources */ = {isa = PBXBuildFile; fileRef = F3AD6E4721AA0DDC003B3288 /* ViewController.swift */; };
		F3AD6E4B21AA0DDC003B3288 /* Main.storyboard in Resources */ = {isa = PBXBuildFile; fileRef = F3AD6E4921AA0DDC003B3288 /* Main.storyboard */; };
		F3AD6E4D21AA0DDD003B3288 /* Assets.xcassets in Resources */ = {isa = PBXBuildFile; fileRef = F3AD6E4C21AA0DDD003B3288 /* Assets.xcassets */; };
		F3AD6E5021AA0DDD003B3288 /* LaunchScreen.storyboard in Resources */ = {isa = PBXBuildFile; fileRef = F3AD6E4E21AA0DDD003B3288 /* LaunchScreen.storyboard */; };
		F3AD6E5821AA0E1C003B3288 /* Expandable.swift in Sources */ = {isa = PBXBuildFile; fileRef = F3AD6E5721AA0E1C003B3288 /* Expandable.swift */; };
		F3AD6E5A21AA1C7E003B3288 /* ExpandableCell.swift in Sources */ = {isa = PBXBuildFile; fileRef = F3AD6E5921AA1C7E003B3288 /* ExpandableCell.swift */; };
		F3AD6E5C21AA1DE9003B3288 /* ExpandableItem.swift in Sources */ = {isa = PBXBuildFile; fileRef = F3AD6E5B21AA1DE9003B3288 /* ExpandableItem.swift */; };
		F3AD6E5E21AA5A00003B3288 /* UIView+Autolayout.swift in Sources */ = {isa = PBXBuildFile; fileRef = F3AD6E5D21AA5A00003B3288 /* UIView+Autolayout.swift */; };
/* End PBXBuildFile section */

/* Begin PBXFileReference section */
		F3AD6E4221AA0DDC003B3288 /* MultiLevelTableView.app */ = {isa = PBXFileReference; explicitFileType = wrapper.application; includeInIndex = 0; path = MultiLevelTableView.app; sourceTree = BUILT_PRODUCTS_DIR; };
		F3AD6E4521AA0DDC003B3288 /* AppDelegate.swift */ = {isa = PBXFileReference; lastKnownFileType = sourcecode.swift; path = AppDelegate.swift; sourceTree = "<group>"; };
		F3AD6E4721AA0DDC003B3288 /* ViewController.swift */ = {isa = PBXFileReference; lastKnownFileType = sourcecode.swift; path = ViewController.swift; sourceTree = "<group>"; };
		F3AD6E4A21AA0DDC003B3288 /* Base */ = {isa = PBXFileReference; lastKnownFileType = file.storyboard; name = Base; path = Base.lproj/Main.storyboard; sourceTree = "<group>"; };
		F3AD6E4C21AA0DDD003B3288 /* Assets.xcassets */ = {isa = PBXFileReference; lastKnownFileType = folder.assetcatalog; path = Assets.xcassets; sourceTree = "<group>"; };
		F3AD6E4F21AA0DDD003B3288 /* Base */ = {isa = PBXFileReference; lastKnownFileType = file.storyboard; name = Base; path = Base.lproj/LaunchScreen.storyboard; sourceTree = "<group>"; };
		F3AD6E5121AA0DDD003B3288 /* Info.plist */ = {isa = PBXFileReference; lastKnownFileType = text.plist.xml; path = Info.plist; sourceTree = "<group>"; };
		F3AD6E5721AA0E1C003B3288 /* Expandable.swift */ = {isa = PBXFileReference; lastKnownFileType = sourcecode.swift; path = Expandable.swift; sourceTree = "<group>"; };
		F3AD6E5921AA1C7E003B3288 /* ExpandableCell.swift */ = {isa = PBXFileReference; lastKnownFileType = sourcecode.swift; path = ExpandableCell.swift; sourceTree = "<group>"; };
		F3AD6E5B21AA1DE9003B3288 /* ExpandableItem.swift */ = {isa = PBXFileReference; lastKnownFileType = sourcecode.swift; path = ExpandableItem.swift; sourceTree = "<group>"; };
		F3AD6E5D21AA5A00003B3288 /* UIView+Autolayout.swift */ = {isa = PBXFileReference; lastKnownFileType = sourcecode.swift; path = "UIView+Autolayout.swift"; sourceTree = "<group>"; };
/* End PBXFileReference section */

/* Begin PBXFrameworksBuildPhase section */
		F3AD6E3F21AA0DDC003B3288 /* Frameworks */ = {
			isa = PBXFrameworksBuildPhase;
			buildActionMask = 2147483647;
			files = (
			);
			runOnlyForDeploymentPostprocessing = 0;
		};
/* End PBXFrameworksBuildPhase section */

/* Begin PBXGroup section */
		F3AD6E3921AA0DDC003B3288 = {
			isa = PBXGroup;
			children = (
				F3AD6E4421AA0DDC003B3288 /* MultiLevelTableView */,
				F3AD6E4321AA0DDC003B3288 /* Products */,
			);
			sourceTree = "<group>";
		};
		F3AD6E4321AA0DDC003B3288 /* Products */ = {
			isa = PBXGroup;
			children = (
				F3AD6E4221AA0DDC003B3288 /* MultiLevelTableView.app */,
			);
			name = Products;
			sourceTree = "<group>";
		};
		F3AD6E4421AA0DDC003B3288 /* MultiLevelTableView */ = {
			isa = PBXGroup;
			children = (
				F3AD6E4521AA0DDC003B3288 /* AppDelegate.swift */,
				F3AD6E4721AA0DDC003B3288 /* ViewController.swift */,
				F3AD6E4921AA0DDC003B3288 /* Main.storyboard */,
				F3AD6E4C21AA0DDD003B3288 /* Assets.xcassets */,
				F3AD6E4E21AA0DDD003B3288 /* LaunchScreen.storyboard */,
				F3AD6E5121AA0DDD003B3288 /* Info.plist */,
				F3AD6E5721AA0E1C003B3288 /* Expandable.swift */,
				F3AD6E5921AA1C7E003B3288 /* ExpandableCell.swift */,
				F3AD6E5B21AA1DE9003B3288 /* ExpandableItem.swift */,
				F3AD6E5D21AA5A00003B3288 /* UIView+Autolayout.swift */,
			);
			path = MultiLevelTableView;
			sourceTree = "<group>";
		};
/* End PBXGroup section */

/* Begin PBXNativeTarget section */
		F3AD6E4121AA0DDC003B3288 /* MultiLevelTableView */ = {
			isa = PBXNativeTarget;
			buildConfigurationList = F3AD6E5421AA0DDD003B3288 /* Build configuration list for PBXNativeTarget "MultiLevelTableView" */;
			buildPhases = (
				F3AD6E3E21AA0DDC003B3288 /* Sources */,
				F3AD6E3F21AA0DDC003B3288 /* Frameworks */,
				F3AD6E4021AA0DDC003B3288 /* Resources */,
			);
			buildRules = (
			);
			dependencies = (
			);
			name = MultiLevelTableView;
			productName = MultiLevelTableView;
			productReference = F3AD6E4221AA0DDC003B3288 /* MultiLevelTableView.app */;
			productType = "com.apple.product-type.application";
		};
/* End PBXNativeTarget section */

/* Begin PBXProject section */
		F3AD6E3A21AA0DDC003B3288 /* Project object */ = {
			isa = PBXProject;
			attributes = {
				LastSwiftUpdateCheck = 1000;
				LastUpgradeCheck = 1000;
				ORGANIZATIONNAME = "Umair Ali";
				TargetAttributes = {
					F3AD6E4121AA0DDC003B3288 = {
						CreatedOnToolsVersion = 10.0;
					};
				};
			};
			buildConfigurationList = F3AD6E3D21AA0DDC003B3288 /* Build configuration list for PBXProject "MultiLevelTableView" */;
			compatibilityVersion = "Xcode 9.3";
			developmentRegion = en;
			hasScannedForEncodings = 0;
			knownRegions = (
				en,
				Base,
			);
			mainGroup = F3AD6E3921AA0DDC003B3288;
			productRefGroup = F3AD6E4321AA0DDC003B3288 /* Products */;
			projectDirPath = "";
			projectRoot = "";
			targets = (
				F3AD6E4121AA0DDC003B3288 /* MultiLevelTableView */,
			);
		};
/* End PBXProject section */

/* Begin PBXResourcesBuildPhase section */
		F3AD6E4021AA0DDC003B3288 /* Resources */ = {
			isa = PBXResourcesBuildPhase;
			buildActionMask = 2147483647;
			files = (
				F3AD6E5021AA0DDD003B3288 /* LaunchScreen.storyboard in Resources */,
				F3AD6E4D21AA0DDD003B3288 /* Assets.xcassets in Resources */,
				F3AD6E4B21AA0DDC003B3288 /* Main.storyboard in Resources */,
			);
			runOnlyForDeploymentPostprocessing = 0;
		};
/* End PBXResourcesBuildPhase section */

/* Begin PBXSourcesBuildPhase section */
		F3AD6E3E21AA0DDC003B3288 /* Sources */ = {
			isa = PBXSourcesBuildPhase;
			buildActionMask = 2147483647;
			files = (
				F3AD6E4821AA0DDC003B3288 /* ViewController.swift in Sources */,
				F3AD6E5E21AA5A00003B3288 /* UIView+Autolayout.swift in Sources */,
				F3AD6E5C21AA1DE9003B3288 /* ExpandableItem.swift in Sources */,
				F3AD6E4621AA0DDC003B3288 /* AppDelegate.swift in Sources */,
				F3AD6E5821AA0E1C003B3288 /* Expandable.swift in Sources */,
				F3AD6E5A21AA1C7E003B3288 /* ExpandableCell.swift in Sources */,
			);
			runOnlyForDeploymentPostprocessing = 0;
		};
/* End PBXSourcesBuildPhase section */

/* Begin PBXVariantGroup section */
		F3AD6E4921AA0DDC003B3288 /* Main.storyboard */ = {
			isa = PBXVariantGroup;
			children = (
				F3AD6E4A21AA0DDC003B3288 /* Base */,
			);
			name = Main.storyboard;
			sourceTree = "<group>";
		};
		F3AD6E4E21AA0DDD003B3288 /* LaunchScreen.storyboard */ = {
			isa = PBXVariantGroup;
			children = (
				F3AD6E4F21AA0DDD003B3288 /* Base */,
			);
			name = LaunchScreen.storyboard;
			sourceTree = "<group>";
		};
/* End PBXVariantGroup section */

/* Begin XCBuildConfiguration section */
		F3AD6E5221AA0DDD003B3288 /* Debug */ = {
			isa = XCBuildConfiguration;
			buildSettings = {
				ALWAYS_SEARCH_USER_PATHS = NO;
				CLANG_ANALYZER_NONNULL = YES;
				CLANG_ANALYZER_NUMBER_OBJECT_CONVERSION = YES_AGGRESSIVE;
				CLANG_CXX_LANGUAGE_STANDARD = "gnu++14";
				CLANG_CXX_LIBRARY = "libc++";
				CLANG_ENABLE_MODULES = YES;
				CLANG_ENABLE_OBJC_ARC = YES;
				CLANG_ENABLE_OBJC_WEAK = YES;
				CLANG_WARN_BLOCK_CAPTURE_AUTORELEASING = YES;
				CLANG_WARN_BOOL_CONVERSION = YES;
				CLANG_WARN_COMMA = YES;
				CLANG_WARN_CONSTANT_CONVERSION = YES;
				CLANG_WARN_DEPRECATED_OBJC_IMPLEMENTATIONS = YES;
				CLANG_WARN_DIRECT_OBJC_ISA_USAGE = YES_ERROR;
				CLANG_WARN_DOCUMENTATION_COMMENTS = YES;
				CLANG_WARN_EMPTY_BODY = YES;
				CLANG_WARN_ENUM_CONVERSION = YES;
				CLANG_WARN_INFINITE_RECURSION = YES;
				CLANG_WARN_INT_CONVERSION = YES;
				CLANG_WARN_NON_LITERAL_NULL_CONVERSION = YES;
				CLANG_WARN_OBJC_IMPLICIT_RETAIN_SELF = YES;
				CLANG_WARN_OBJC_LITERAL_CONVERSION = YES;
				CLANG_WARN_OBJC_ROOT_CLASS = YES_ERROR;
				CLANG_WARN_RANGE_LOOP_ANALYSIS = YES;
				CLANG_WARN_STRICT_PROTOTYPES = YES;
				CLANG_WARN_SUSPICIOUS_MOVE = YES;
				CLANG_WARN_UNGUARDED_AVAILABILITY = YES_AGGRESSIVE;
				CLANG_WARN_UNREACHABLE_CODE = YES;
				CLANG_WARN__DUPLICATE_METHOD_MATCH = YES;
				CODE_SIGN_IDENTITY = "iPhone Developer";
				COPY_PHASE_STRIP = NO;
				DEBUG_INFORMATION_FORMAT = dwarf;
				ENABLE_STRICT_OBJC_MSGSEND = YES;
				ENABLE_TESTABILITY = YES;
				GCC_C_LANGUAGE_STANDARD = gnu11;
				GCC_DYNAMIC_NO_PIC = NO;
				GCC_NO_COMMON_BLOCKS = YES;
				GCC_OPTIMIZATION_LEVEL = 0;
				GCC_PREPROCESSOR_DEFINITIONS = (
					"DEBUG=1",
					"$(inherited)",
				);
				GCC_WARN_64_TO_32_BIT_CONVERSION = YES;
				GCC_WARN_ABOUT_RETURN_TYPE = YES_ERROR;
				GCC_WARN_UNDECLARED_SELECTOR = YES;
				GCC_WARN_UNINITIALIZED_AUTOS = YES_AGGRESSIVE;
				GCC_WARN_UNUSED_FUNCTION = YES;
				GCC_WARN_UNUSED_VARIABLE = YES;
				IPHONEOS_DEPLOYMENT_TARGET = 12.0;
				MTL_ENABLE_DEBUG_INFO = INCLUDE_SOURCE;
				MTL_FAST_MATH = YES;
				ONLY_ACTIVE_ARCH = YES;
				SDKROOT = iphoneos;
				SWIFT_ACTIVE_COMPILATION_CONDITIONS = DEBUG;
				SWIFT_OPTIMIZATION_LEVEL = "-Onone";
			};
			name = Debug;
		};
		F3AD6E5321AA0DDD003B3288 /* Release */ = {
			isa = XCBuildConfiguration;
			buildSettings = {
				ALWAYS_SEARCH_USER_PATHS = NO;
				CLANG_ANALYZER_NONNULL = YES;
				CLANG_ANALYZER_NUMBER_OBJECT_CONVERSION = YES_AGGRESSIVE;
				CLANG_CXX_LANGUAGE_STANDARD = "gnu++14";
				CLANG_CXX_LIBRARY = "libc++";
				CLANG_ENABLE_MODULES = YES;
				CLANG_ENABLE_OBJC_ARC = YES;
				CLANG_ENABLE_OBJC_WEAK = YES;
				CLANG_WARN_BLOCK_CAPTURE_AUTORELEASING = YES;
				CLANG_WARN_BOOL_CONVERSION = YES;
				CLANG_WARN_COMMA = YES;
				CLANG_WARN_CONSTANT_CONVERSION = YES;
				CLANG_WARN_DEPRECATED_OBJC_IMPLEMENTATIONS = YES;
				CLANG_WARN_DIRECT_OBJC_ISA_USAGE = YES_ERROR;
				CLANG_WARN_DOCUMENTATION_COMMENTS = YES;
				CLANG_WARN_EMPTY_BODY = YES;
				CLANG_WARN_ENUM_CONVERSION = YES;
				CLANG_WARN_INFINITE_RECURSION = YES;
				CLANG_WARN_INT_CONVERSION = YES;
				CLANG_WARN_NON_LITERAL_NULL_CONVERSION = YES;
				CLANG_WARN_OBJC_IMPLICIT_RETAIN_SELF = YES;
				CLANG_WARN_OBJC_LITERAL_CONVERSION = YES;
				CLANG_WARN_OBJC_ROOT_CLASS = YES_ERROR;
				CLANG_WARN_RANGE_LOOP_ANALYSIS = YES;
				CLANG_WARN_STRICT_PROTOTYPES = YES;
				CLANG_WARN_SUSPICIOUS_MOVE = YES;
				CLANG_WARN_UNGUARDED_AVAILABILITY = YES_AGGRESSIVE;
				CLANG_WARN_UNREACHABLE_CODE = YES;
				CLANG_WARN__DUPLICATE_METHOD_MATCH = YES;
				CODE_SIGN_IDENTITY = "iPhone Developer";
				COPY_PHASE_STRIP = NO;
				DEBUG_INFORMATION_FORMAT = "dwarf-with-dsym";
				ENABLE_NS_ASSERTIONS = NO;
				ENABLE_STRICT_OBJC_MSGSEND = YES;
				GCC_C_LANGUAGE_STANDARD = gnu11;
				GCC_NO_COMMON_BLOCKS = YES;
				GCC_WARN_64_TO_32_BIT_CONVERSION = YES;
				GCC_WARN_ABOUT_RETURN_TYPE = YES_ERROR;
				GCC_WARN_UNDECLARED_SELECTOR = YES;
				GCC_WARN_UNINITIALIZED_AUTOS = YES_AGGRESSIVE;
				GCC_WARN_UNUSED_FUNCTION = YES;
				GCC_WARN_UNUSED_VARIABLE = YES;
				IPHONEOS_DEPLOYMENT_TARGET = 12.0;
				MTL_ENABLE_DEBUG_INFO = NO;
				MTL_FAST_MATH = YES;
				SDKROOT = iphoneos;
				SWIFT_COMPILATION_MODE = wholemodule;
				SWIFT_OPTIMIZATION_LEVEL = "-O";
				VALIDATE_PRODUCT = YES;
			};
			name = Release;
		};
		F3AD6E5521AA0DDD003B3288 /* Debug */ = {
			isa = XCBuildConfiguration;
			buildSettings = {
				ASSETCATALOG_COMPILER_APPICON_NAME = AppIcon;
				CODE_SIGN_STYLE = Automatic;
				INFOPLIST_FILE = MultiLevelTableView/Info.plist;
				LD_RUNPATH_SEARCH_PATHS = (
					"$(inherited)",
					"@executable_path/Frameworks",
				);
				PRODUCT_BUNDLE_IDENTIFIER = abc.MultiLevelTableView;
				PRODUCT_NAME = "$(TARGET_NAME)";
				SWIFT_VERSION = 4.2;
				TARGETED_DEVICE_FAMILY = "1,2";
			};
			name = Debug;
		};
		F3AD6E5621AA0DDD003B3288 /* Release */ = {
			isa = XCBuildConfiguration;
			buildSettings = {
				ASSETCATALOG_COMPILER_APPICON_NAME = AppIcon;
				CODE_SIGN_STYLE = Automatic;
				INFOPLIST_FILE = MultiLevelTableView/Info.plist;
				LD_RUNPATH_SEARCH_PATHS = (
					"$(inherited)",
					"@executable_path/Frameworks",
				);
				PRODUCT_BUNDLE_IDENTIFIER = abc.MultiLevelTableView;
				PRODUCT_NAME = "$(TARGET_NAME)";
				SWIFT_VERSION = 4.2;
				TARGETED_DEVICE_FAMILY = "1,2";
			};
			name = Release;
		};
/* End XCBuildConfiguration section */

/* Begin XCConfigurationList section */
		F3AD6E3D21AA0DDC003B3288 /* Build configuration list for PBXProject "MultiLevelTableView" */ = {
			isa = XCConfigurationList;
			buildConfigurations = (
				F3AD6E5221AA0DDD003B3288 /* Debug */,
				F3AD6E5321AA0DDD003B3288 /* Release */,
			);
			defaultConfigurationIsVisible = 0;
			defaultConfigurationName = Release;
		};
		F3AD6E5421AA0DDD003B3288 /* Build configuration list for PBXNativeTarget "MultiLevelTableView" */ = {
			isa = XCConfigurationList;
			buildConfigurations = (
				F3AD6E5521AA0DDD003B3288 /* Debug */,
				F3AD6E5621AA0DDD003B3288 /* Release */,
			);
			defaultConfigurationIsVisible = 0;
			defaultConfigurationName = Release;
		};
/* End XCConfigurationList section */
	};
	rootObject = F3AD6E3A21AA0DDC003B3288 /* Project object */;
}
